
Microsoft Visual Studio Solution File, Format Version 12.00
# Visual Studio 15
VisualStudioVersion = 15.0.27703.2035
MinimumVisualStudioVersion = 10.0.40219.1
Project("{FAE04EC0-301F-11D3-BF4B-00C04F79EFBC}") = "DataTypes", "DataTypes\DataTypes.csproj", "{ECF0A890-9B63-4E74-8CCC-7072AAF37C51}"
EndProject
Global
	GlobalSection(SolutionConfigurationPlatforms) = preSolution
		Debug|Any CPU = Debug|Any CPU
		Release|Any CPU = Release|Any CPU
	EndGlobalSection
	GlobalSection(ProjectConfigurationPlatforms) = postSolution
		{ECF0A890-9B63-4E74-8CCC-7072AAF37C51}.Debug|Any CPU.ActiveCfg = Debug|Any CPU
		{ECF0A890-9B63-4E74-8CCC-7072AAF37C51}.Debug|Any CPU.Build.0 = Debug|Any CPU
		{ECF0A890-9B63-4E74-8CCC-7072AAF37C51}.Release|Any CPU.ActiveCfg = Release|Any CPU
		{ECF0A890-9B63-4E74-8CCC-7072AAF37C51}.Release|Any CPU.Build.0 = Release|Any CPU
	EndGlobalSection
	GlobalSection(SolutionProperties) = preSolution
		HideSolutionNode = FALSE
	EndGlobalSection
	GlobalSection(ExtensibilityGlobals) = postSolution
		SolutionGuid = {63853EA6-E901-4E1A-9213-E5F585C4B6D2}
	EndGlobalSection
EndGlobal
