
Microsoft Visual Studio Solution File, Format Version 12.00
# Visual Studio 15
VisualStudioVersion = 15.0.27130.2024
MinimumVisualStudioVersion = 10.0.40219.1
Project("{FAE04EC0-301F-11D3-BF4B-00C04F79EFBC}") = "ClassObjects", "ClassObjects\ClassObjects.csproj", "{C1BDB9B1-CD9C-43D2-89F2-AA55F3F6C015}"
EndProject
Global
	GlobalSection(SolutionConfigurationPlatforms) = preSolution
		Debug|Any CPU = Debug|Any CPU
		Release|Any CPU = Release|Any CPU
	EndGlobalSection
	GlobalSection(ProjectConfigurationPlatforms) = postSolution
		{C1BDB9B1-CD9C-43D2-89F2-AA55F3F6C015}.Debug|Any CPU.ActiveCfg = Debug|Any CPU
		{C1BDB9B1-CD9C-43D2-89F2-AA55F3F6C015}.Debug|Any CPU.Build.0 = Debug|Any CPU
		{C1BDB9B1-CD9C-43D2-89F2-AA55F3F6C015}.Release|Any CPU.ActiveCfg = Release|Any CPU
		{C1BDB9B1-CD9C-43D2-89F2-AA55F3F6C015}.Release|Any CPU.Build.0 = Release|Any CPU
	EndGlobalSection
	GlobalSection(SolutionProperties) = preSolution
		HideSolutionNode = FALSE
	EndGlobalSection
	GlobalSection(ExtensibilityGlobals) = postSolution
		SolutionGuid = {0F0A9844-1A28-4D37-8441-300A0A2B47BB}
	EndGlobalSection
EndGlobal
